<?xml version="1.0" encoding="utf-8"?>
<Project ToolsVersion="4.0" xmlns="http://schemas.microsoft.com/developer/msbuild/2003">
  <ItemGroup>
    <Filter Include="源文件">
      <UniqueIdentifier>{4FC737F1-C7A5-4376-A066-2A32D752A2FF}</UniqueIdentifier>
      <Extensions>cpp;c;cc;cxx;def;odl;idl;hpj;bat;asm;asmx</Extensions>
    </Filter>
    <Filter Include="头文件">
      <UniqueIdentifier>{93995380-89BD-4b04-88EB-625FBE52EBFB}</UniqueIdentifier>
      <Extensions>h;hh;hpp;hxx;hm;inl;inc;ipp;xsd</Extensions>
    </Filter>
    <Filter Include="资源文件">
      <UniqueIdentifier>{67DA6AB6-F800-4c08-8B7A-83BB121AAD01}</UniqueIdentifier>
      <Extensions>rc;ico;cur;bmp;dlg;rc2;rct;bin;rgs;gif;jpg;jpeg;jpe;resx;tiff;tif;png;wav;mfcribbon-ms</Extensions>
    </Filter>
    <Filter Include="生成的文件">
      <UniqueIdentifier>{5b631c9c-f37f-4cbf-9320-b7c39eaa759d}</UniqueIdentifier>
      <SourceControlFiles>False</SourceControlFiles>
    </Filter>
  </ItemGroup>
  <ItemGroup>
    <ClCompile Include="stdafx.cpp">
      <Filter>源文件</Filter>
    </ClCompile>
    <ClCompile Include="DotNetProfiler.cpp">
      <Filter>源文件</Filter>
    </ClCompile>
    <ClCompile Include="dllmain.cpp">
      <Filter>源文件</Filter>
    </ClCompile>
    <ClCompile Include="DotNetProfiler_i.c">
      <Filter>生成的文件</Filter>
    </ClCompile>
    <ClCompile Include="Profiler.cpp">
      <Filter>源文件</Filter>
    </ClCompile>
    <ClCompile Include="CorProfilerCallbackImpl.cpp">
      <Filter>源文件</Filter>
    </ClCompile>
    <ClCompile Include="FunctionInfo.cpp">
      <Filter>源文件</Filter>
    </ClCompile>
    <ClCompile Include="ProfilingUtils.cpp">
      <Filter>源文件</Filter>
    </ClCompile>
  </ItemGroup>
  <ItemGroup>
    <ClInclude Include="stdafx.h">
      <Filter>头文件</Filter>
    </ClInclude>
    <ClInclude Include="targetver.h">
      <Filter>头文件</Filter>
    </ClInclude>
    <ClInclude Include="Resource.h">
      <Filter>头文件</Filter>
    </ClInclude>
    <ClInclude Include="dllmain.h">
      <Filter>头文件</Filter>
    </ClInclude>
    <ClInclude Include="DotNetProfiler_i.h">
      <Filter>生成的文件</Filter>
    </ClInclude>
    <ClInclude Include="Profiler.h">
      <Filter>头文件</Filter>
    </ClInclude>
    <ClInclude Include="CorProfilerCallbackImpl.h">
      <Filter>头文件</Filter>
    </ClInclude>
    <ClInclude Include="FunctionInfo.h">
      <Filter>头文件</Filter>
    </ClInclude>
    <ClInclude Include="ProfilingUtils.h">
      <Filter>头文件</Filter>
    </ClInclude>
  </ItemGroup>
  <ItemGroup>
    <ResourceCompile Include="DotNetProfiler.rc">
      <Filter>资源文件</Filter>
    </ResourceCompile>
  </ItemGroup>
  <ItemGroup>
    <None Include="DotNetProfiler.rgs">
      <Filter>资源文件</Filter>
    </None>
    <None Include="DotNetProfiler.def">
      <Filter>源文件</Filter>
    </None>
    <None Include="Profiler.rgs">
      <Filter>资源文件</Filter>
    </None>
    <None Include="packages.config" />
  </ItemGroup>
  <ItemGroup>
    <Midl Include="DotNetProfiler.idl">
      <Filter>源文件</Filter>
    </Midl>
  </ItemGroup>
  <ItemGroup>
    <Text Include="log.properties">
      <Filter>头文件</Filter>
    </Text>
  </ItemGroup>
</Project>