
Microsoft Visual Studio Solution File, Format Version 12.00
# Visual Studio 15
VisualStudioVersion = 15.0.27428.2005
MinimumVisualStudioVersion = 10.0.40219.1
Project("{FAE04EC0-301F-11D3-BF4B-00C04F79EFBC}") = "NetFxMock.Test", "NetFxMock.Test\NetFxMock.Test.csproj", "{2FE1B458-43A9-4B98-B064-8ABE78E5047E}"
EndProject
Project("{8BC9CEB8-8B4A-11D0-8D11-00A0C91BC942}") = "JitHook", "JitHook\JitHook.vcxproj", "{B3F8FE2E-F736-4AE4-B0FC-8455DBC38CE5}"
EndProject
Project("{FAE04EC0-301F-11D3-BF4B-00C04F79EFBC}") = "NetFxMock", "NetFxMock\NetFxMock.csproj", "{F28A6A42-9C02-4AF9-BA86-AF91C5F98374}"
EndProject
Project("{8BC9CEB8-8B4A-11D0-8D11-00A0C91BC942}") = "DotNetProfiler", "DotNetProfiler\DotNetProfiler\DotNetProfiler.vcxproj", "{577751BE-FB7C-48B5-9C6D-19D819C1151C}"
EndProject
Project("{8BC9CEB8-8B4A-11D0-8D11-00A0C91BC942}") = "DotNetProfilerPS", "DotNetProfiler\DotNetProfilerPS\DotNetProfilerPS.vcxproj", "{7FB50479-0DCA-4A5B-A1B3-33B53836CB97}"
EndProject
Global
	GlobalSection(SolutionConfigurationPlatforms) = preSolution
		Debug|Any CPU = Debug|Any CPU
		Debug|x64 = Debug|x64
		Debug|x86 = Debug|x86
		Release|Any CPU = Release|Any CPU
		Release|x64 = Release|x64
		Release|x86 = Release|x86
	EndGlobalSection
	GlobalSection(ProjectConfigurationPlatforms) = postSolution
		{2FE1B458-43A9-4B98-B064-8ABE78E5047E}.Debug|Any CPU.ActiveCfg = Debug|Any CPU
		{2FE1B458-43A9-4B98-B064-8ABE78E5047E}.Debug|Any CPU.Build.0 = Debug|Any CPU
		{2FE1B458-43A9-4B98-B064-8ABE78E5047E}.Debug|x64.ActiveCfg = Debug|Any CPU
		{2FE1B458-43A9-4B98-B064-8ABE78E5047E}.Debug|x64.Build.0 = Debug|Any CPU
		{2FE1B458-43A9-4B98-B064-8ABE78E5047E}.Debug|x86.ActiveCfg = Debug|Any CPU
		{2FE1B458-43A9-4B98-B064-8ABE78E5047E}.Debug|x86.Build.0 = Debug|Any CPU
		{2FE1B458-43A9-4B98-B064-8ABE78E5047E}.Release|Any CPU.ActiveCfg = Release|Any CPU
		{2FE1B458-43A9-4B98-B064-8ABE78E5047E}.Release|Any CPU.Build.0 = Release|Any CPU
		{2FE1B458-43A9-4B98-B064-8ABE78E5047E}.Release|x64.ActiveCfg = Release|Any CPU
		{2FE1B458-43A9-4B98-B064-8ABE78E5047E}.Release|x64.Build.0 = Release|Any CPU
		{2FE1B458-43A9-4B98-B064-8ABE78E5047E}.Release|x86.ActiveCfg = Release|Any CPU
		{2FE1B458-43A9-4B98-B064-8ABE78E5047E}.Release|x86.Build.0 = Release|Any CPU
		{B3F8FE2E-F736-4AE4-B0FC-8455DBC38CE5}.Debug|Any CPU.ActiveCfg = Debug|Win32
		{B3F8FE2E-F736-4AE4-B0FC-8455DBC38CE5}.Debug|x64.ActiveCfg = Debug|x64
		{B3F8FE2E-F736-4AE4-B0FC-8455DBC38CE5}.Debug|x64.Build.0 = Debug|x64
		{B3F8FE2E-F736-4AE4-B0FC-8455DBC38CE5}.Debug|x86.ActiveCfg = Debug|Win32
		{B3F8FE2E-F736-4AE4-B0FC-8455DBC38CE5}.Debug|x86.Build.0 = Debug|Win32
		{B3F8FE2E-F736-4AE4-B0FC-8455DBC38CE5}.Release|Any CPU.ActiveCfg = Release|Win32
		{B3F8FE2E-F736-4AE4-B0FC-8455DBC38CE5}.Release|x64.ActiveCfg = Release|x64
		{B3F8FE2E-F736-4AE4-B0FC-8455DBC38CE5}.Release|x64.Build.0 = Release|x64
		{B3F8FE2E-F736-4AE4-B0FC-8455DBC38CE5}.Release|x86.ActiveCfg = Release|Win32
		{B3F8FE2E-F736-4AE4-B0FC-8455DBC38CE5}.Release|x86.Build.0 = Release|Win32
		{F28A6A42-9C02-4AF9-BA86-AF91C5F98374}.Debug|Any CPU.ActiveCfg = Debug|Any CPU
		{F28A6A42-9C02-4AF9-BA86-AF91C5F98374}.Debug|Any CPU.Build.0 = Debug|Any CPU
		{F28A6A42-9C02-4AF9-BA86-AF91C5F98374}.Debug|x64.ActiveCfg = Debug|Any CPU
		{F28A6A42-9C02-4AF9-BA86-AF91C5F98374}.Debug|x64.Build.0 = Debug|Any CPU
		{F28A6A42-9C02-4AF9-BA86-AF91C5F98374}.Debug|x86.ActiveCfg = Debug|Any CPU
		{F28A6A42-9C02-4AF9-BA86-AF91C5F98374}.Debug|x86.Build.0 = Debug|Any CPU
		{F28A6A42-9C02-4AF9-BA86-AF91C5F98374}.Release|Any CPU.ActiveCfg = Release|Any CPU
		{F28A6A42-9C02-4AF9-BA86-AF91C5F98374}.Release|Any CPU.Build.0 = Release|Any CPU
		{F28A6A42-9C02-4AF9-BA86-AF91C5F98374}.Release|x64.ActiveCfg = Release|Any CPU
		{F28A6A42-9C02-4AF9-BA86-AF91C5F98374}.Release|x64.Build.0 = Release|Any CPU
		{F28A6A42-9C02-4AF9-BA86-AF91C5F98374}.Release|x86.ActiveCfg = Release|Any CPU
		{F28A6A42-9C02-4AF9-BA86-AF91C5F98374}.Release|x86.Build.0 = Release|Any CPU
		{577751BE-FB7C-48B5-9C6D-19D819C1151C}.Debug|Any CPU.ActiveCfg = Debug|Win32
		{577751BE-FB7C-48B5-9C6D-19D819C1151C}.Debug|x64.ActiveCfg = Debug|x64
		{577751BE-FB7C-48B5-9C6D-19D819C1151C}.Debug|x64.Build.0 = Debug|x64
		{577751BE-FB7C-48B5-9C6D-19D819C1151C}.Debug|x86.ActiveCfg = Debug|Win32
		{577751BE-FB7C-48B5-9C6D-19D819C1151C}.Debug|x86.Build.0 = Debug|Win32
		{577751BE-FB7C-48B5-9C6D-19D819C1151C}.Release|Any CPU.ActiveCfg = Release|Win32
		{577751BE-FB7C-48B5-9C6D-19D819C1151C}.Release|x64.ActiveCfg = Release|x64
		{577751BE-FB7C-48B5-9C6D-19D819C1151C}.Release|x64.Build.0 = Release|x64
		{577751BE-FB7C-48B5-9C6D-19D819C1151C}.Release|x86.ActiveCfg = Release|Win32
		{577751BE-FB7C-48B5-9C6D-19D819C1151C}.Release|x86.Build.0 = Release|Win32
		{7FB50479-0DCA-4A5B-A1B3-33B53836CB97}.Debug|Any CPU.ActiveCfg = Debug|Win32
		{7FB50479-0DCA-4A5B-A1B3-33B53836CB97}.Debug|x64.ActiveCfg = Debug|x64
		{7FB50479-0DCA-4A5B-A1B3-33B53836CB97}.Debug|x64.Build.0 = Debug|x64
		{7FB50479-0DCA-4A5B-A1B3-33B53836CB97}.Debug|x86.ActiveCfg = Debug|Win32
		{7FB50479-0DCA-4A5B-A1B3-33B53836CB97}.Debug|x86.Build.0 = Debug|Win32
		{7FB50479-0DCA-4A5B-A1B3-33B53836CB97}.Release|Any CPU.ActiveCfg = Release|Win32
		{7FB50479-0DCA-4A5B-A1B3-33B53836CB97}.Release|x64.ActiveCfg = Release|x64
		{7FB50479-0DCA-4A5B-A1B3-33B53836CB97}.Release|x64.Build.0 = Release|x64
		{7FB50479-0DCA-4A5B-A1B3-33B53836CB97}.Release|x86.ActiveCfg = Release|Win32
		{7FB50479-0DCA-4A5B-A1B3-33B53836CB97}.Release|x86.Build.0 = Release|Win32
	EndGlobalSection
	GlobalSection(SolutionProperties) = preSolution
		HideSolutionNode = FALSE
	EndGlobalSection
	GlobalSection(ExtensibilityGlobals) = postSolution
		SolutionGuid = {A8CCD0C3-A2FB-40B1-A24E-80014EC6CDB3}
	EndGlobalSection
EndGlobal
