
Microsoft Visual Studio Solution File, Format Version 12.00
# Visual Studio 15
VisualStudioVersion = 15.0.28307.102
MinimumVisualStudioVersion = 10.0.40219.1
Project("{8BC9CEB8-8B4A-11D0-8D11-00A0C91BC942}") = "DotNetProfiler", "DotNetProfiler\DotNetProfiler.vcxproj", "{577751BE-FB7C-48B5-9C6D-19D819C1151C}"
EndProject
Project("{8BC9CEB8-8B4A-11D0-8D11-00A0C91BC942}") = "DotNetProfilerPS", "DotNetProfilerPS\DotNetProfilerPS.vcxproj", "{7FB50479-0DCA-4A5B-A1B3-33B53836CB97}"
	ProjectSection(ProjectDependencies) = postProject
		{577751BE-FB7C-48B5-9C6D-19D819C1151C} = {577751BE-FB7C-48B5-9C6D-19D819C1151C}
	EndProjectSection
EndProject
Global
	GlobalSection(SolutionConfigurationPlatforms) = preSolution
		Debug|x64 = Debug|x64
		Debug|x86 = Debug|x86
		Release|x64 = Release|x64
		Release|x86 = Release|x86
	EndGlobalSection
	GlobalSection(ProjectConfigurationPlatforms) = postSolution
		{577751BE-FB7C-48B5-9C6D-19D819C1151C}.Debug|x64.ActiveCfg = Debug|x64
		{577751BE-FB7C-48B5-9C6D-19D819C1151C}.Debug|x64.Build.0 = Debug|x64
		{577751BE-FB7C-48B5-9C6D-19D819C1151C}.Debug|x86.ActiveCfg = Debug|Win32
		{577751BE-FB7C-48B5-9C6D-19D819C1151C}.Debug|x86.Build.0 = Debug|Win32
		{577751BE-FB7C-48B5-9C6D-19D819C1151C}.Release|x64.ActiveCfg = Release|x64
		{577751BE-FB7C-48B5-9C6D-19D819C1151C}.Release|x64.Build.0 = Release|x64
		{577751BE-FB7C-48B5-9C6D-19D819C1151C}.Release|x86.ActiveCfg = Release|Win32
		{577751BE-FB7C-48B5-9C6D-19D819C1151C}.Release|x86.Build.0 = Release|Win32
		{7FB50479-0DCA-4A5B-A1B3-33B53836CB97}.Debug|x64.ActiveCfg = Debug|x64
		{7FB50479-0DCA-4A5B-A1B3-33B53836CB97}.Debug|x86.ActiveCfg = Debug|Win32
		{7FB50479-0DCA-4A5B-A1B3-33B53836CB97}.Release|x64.ActiveCfg = Release|x64
		{7FB50479-0DCA-4A5B-A1B3-33B53836CB97}.Release|x86.ActiveCfg = Release|Win32
	EndGlobalSection
	GlobalSection(SolutionProperties) = preSolution
		HideSolutionNode = FALSE
	EndGlobalSection
	GlobalSection(ExtensibilityGlobals) = postSolution
		SolutionGuid = {FED5ED07-289E-41AB-8A7A-E395B1D8EFA2}
	EndGlobalSection
EndGlobal
